
Microsoft Visual Studio Solution File, Format Version 12.00
# Visual Studio Version 17
VisualStudioVersion = 17.4.33205.214
MinimumVisualStudioVersion = 10.0.40219.1
Project("{FAE04EC0-301F-11D3-BF4B-00C04F79EFBC}") = "RiddlezWebApp", "RiddlezWebApp.csproj", "{CE0B40A3-698F-4699-87E7-D7B35E58AEA2}"
EndProject
Global
	GlobalSection(SolutionConfigurationPlatforms) = preSolution
		Debug|Any CPU = Debug|Any CPU
		Release|Any CPU = Release|Any CPU
	EndGlobalSection
	GlobalSection(ProjectConfigurationPlatforms) = postSolution
		{CE0B40A3-698F-4699-87E7-D7B35E58AEA2}.Debug|Any CPU.ActiveCfg = Debug|Any CPU
		{CE0B40A3-698F-4699-87E7-D7B35E58AEA2}.Debug|Any CPU.Build.0 = Debug|Any CPU
		{CE0B40A3-698F-4699-87E7-D7B35E58AEA2}.Release|Any CPU.ActiveCfg = Release|Any CPU
		{CE0B40A3-698F-4699-87E7-D7B35E58AEA2}.Release|Any CPU.Build.0 = Release|Any CPU
	EndGlobalSection
	GlobalSection(SolutionProperties) = preSolution
		HideSolutionNode = FALSE
	EndGlobalSection
	GlobalSection(ExtensibilityGlobals) = postSolution
		SolutionGuid = {EEFD9D1C-F511-48F9-A815-1285901F4EA2}
	EndGlobalSection
EndGlobal
